// !$*UTF8*$!
{
	archiveVersion = 1;
	classes = {
	};
	objectVersion = 46;
	objects = {

/* Begin PBXBuildFile section */
		D607224A1EF370F3000306A1 /* AppDelegate.swift in Sources */ = {isa = PBXBuildFile; fileRef = D60722491EF370F3000306A1 /* AppDelegate.swift */; };
		D607224C1EF370F3000306A1 /* ViewController.swift in Sources */ = {isa = PBXBuildFile; fileRef = D607224B1EF370F3000306A1 /* ViewController.swift */; };
		D607224F1EF370F3000306A1 /* Main.storyboard in Resources */ = {isa = PBXBuildFile; fileRef = D607224D1EF370F3000306A1 /* Main.storyboard */; };
		D60722521EF370F3000306A1 /* AVSpeechSynthesizerDemo.xcdatamodeld in Sources */ = {isa = PBXBuildFile; fileRef = D60722501EF370F3000306A1 /* AVSpeechSynthesizerDemo.xcdatamodeld */; };
		D60722541EF370F3000306A1 /* Assets.xcassets in Resources */ = {isa = PBXBuildFile; fileRef = D60722531EF370F3000306A1 /* Assets.xcassets */; };
		D60722571EF370F3000306A1 /* LaunchScreen.storyboard in Resources */ = {isa = PBXBuildFile; fileRef = D60722551EF370F3000306A1 /* LaunchScreen.storyboard */; };
		D6C237C71EF38C4900BA8CE4 /* synthesizer.gif in Resources */ = {isa = PBXBuildFile; fileRef = D6C237C61EF38C4900BA8CE4 /* synthesizer.gif */; };
/* End PBXBuildFile section */

/* Begin PBXFileReference section */
		D60722461EF370F3000306A1 /* AVSpeechSynthesizerDemo.app */ = {isa = PBXFileReference; explicitFileType = wrapper.application; includeInIndex = 0; path = AVSpeechSynthesizerDemo.app; sourceTree = BUILT_PRODUCTS_DIR; };
		D60722491EF370F3000306A1 /* AppDelegate.swift */ = {isa = PBXFileReference; lastKnownFileType = sourcecode.swift; path = AppDelegate.swift; sourceTree = "<group>"; };
		D607224B1EF370F3000306A1 /* ViewController.swift */ = {isa = PBXFileReference; lastKnownFileType = sourcecode.swift; path = ViewController.swift; sourceTree = "<group>"; };
		D607224E1EF370F3000306A1 /* Base */ = {isa = PBXFileReference; lastKnownFileType = file.storyboard; name = Base; path = Base.lproj/Main.storyboard; sourceTree = "<group>"; };
		D60722511EF370F3000306A1 /* AVSpeechSynthesizerDemo.xcdatamodel */ = {isa = PBXFileReference; lastKnownFileType = wrapper.xcdatamodel; path = AVSpeechSynthesizerDemo.xcdatamodel; sourceTree = "<group>"; };
		D60722531EF370F3000306A1 /* Assets.xcassets */ = {isa = PBXFileReference; lastKnownFileType = folder.assetcatalog; path = Assets.xcassets; sourceTree = "<group>"; };
		D60722561EF370F3000306A1 /* Base */ = {isa = PBXFileReference; lastKnownFileType = file.storyboard; name = Base; path = Base.lproj/LaunchScreen.storyboard; sourceTree = "<group>"; };
		D60722581EF370F3000306A1 /* Info.plist */ = {isa = PBXFileReference; lastKnownFileType = text.plist.xml; path = Info.plist; sourceTree = "<group>"; };
		D6C237C61EF38C4900BA8CE4 /* synthesizer.gif */ = {isa = PBXFileReference; lastKnownFileType = image.gif; path = synthesizer.gif; sourceTree = "<group>"; };
/* End PBXFileReference section */

/* Begin PBXFrameworksBuildPhase section */
		D60722431EF370F3000306A1 /* Frameworks */ = {
			isa = PBXFrameworksBuildPhase;
			buildActionMask = 2147483647;
			files = (
			);
			runOnlyForDeploymentPostprocessing = 0;
		};
/* End PBXFrameworksBuildPhase section */

/* Begin PBXGroup section */
		D607223D1EF370F3000306A1 = {
			isa = PBXGroup;
			children = (
				D60722481EF370F3000306A1 /* AVSpeechSynthesizerDemo */,
				D60722471EF370F3000306A1 /* Products */,
			);
			sourceTree = "<group>";
		};
		D60722471EF370F3000306A1 /* Products */ = {
			isa = PBXGroup;
			children = (
				D60722461EF370F3000306A1 /* AVSpeechSynthesizerDemo.app */,
			);
			name = Products;
			sourceTree = "<group>";
		};
		D60722481EF370F3000306A1 /* AVSpeechSynthesizerDemo */ = {
			isa = PBXGroup;
			children = (
				D6C237C61EF38C4900BA8CE4 /* synthesizer.gif */,
				D60722491EF370F3000306A1 /* AppDelegate.swift */,
				D607224B1EF370F3000306A1 /* ViewController.swift */,
				D607224D1EF370F3000306A1 /* Main.storyboard */,
				D60722531EF370F3000306A1 /* Assets.xcassets */,
				D60722551EF370F3000306A1 /* LaunchScreen.storyboard */,
				D60722581EF370F3000306A1 /* Info.plist */,
				D60722501EF370F3000306A1 /* AVSpeechSynthesizerDemo.xcdatamodeld */,
			);
			path = AVSpeechSynthesizerDemo;
			sourceTree = "<group>";
		};
/* End PBXGroup section */

/* Begin PBXNativeTarget section */
		D60722451EF370F3000306A1 /* AVSpeechSynthesizerDemo */ = {
			isa = PBXNativeTarget;
			buildConfigurationList = D607225B1EF370F3000306A1 /* Build configuration list for PBXNativeTarget "AVSpeechSynthesizerDemo" */;
			buildPhases = (
				D60722421EF370F3000306A1 /* Sources */,
				D60722431EF370F3000306A1 /* Frameworks */,
				D60722441EF370F3000306A1 /* Resources */,
			);
			buildRules = (
			);
			dependencies = (
			);
			name = AVSpeechSynthesizerDemo;
			productName = AVSpeechSynthesizerDemo;
			productReference = D60722461EF370F3000306A1 /* AVSpeechSynthesizerDemo.app */;
			productType = "com.apple.product-type.application";
		};
/* End PBXNativeTarget section */

/* Begin PBXProject section */
		D607223E1EF370F3000306A1 /* Project object */ = {
			isa = PBXProject;
			attributes = {
				LastSwiftUpdateCheck = 0830;
				LastUpgradeCheck = 0830;
				ORGANIZATIONNAME = "马伟";
				TargetAttributes = {
					D60722451EF370F3000306A1 = {
						CreatedOnToolsVersion = 8.3.2;
						DevelopmentTeam = 6AZ497S772;
						ProvisioningStyle = Automatic;
					};
				};
			};
			buildConfigurationList = D60722411EF370F3000306A1 /* Build configuration list for PBXProject "AVSpeechSynthesizerDemo" */;
			compatibilityVersion = "Xcode 3.2";
			developmentRegion = English;
			hasScannedForEncodings = 0;
			knownRegions = (
				en,
				Base,
			);
			mainGroup = D607223D1EF370F3000306A1;
			productRefGroup = D60722471EF370F3000306A1 /* Products */;
			projectDirPath = "";
			projectRoot = "";
			targets = (
				D60722451EF370F3000306A1 /* AVSpeechSynthesizerDemo */,
			);
		};
/* End PBXProject section */

/* Begin PBXResourcesBuildPhase section */
		D60722441EF370F3000306A1 /* Resources */ = {
			isa = PBXResourcesBuildPhase;
			buildActionMask = 2147483647;
			files = (
				D60722571EF370F3000306A1 /* LaunchScreen.storyboard in Resources */,
				D60722541EF370F3000306A1 /* Assets.xcassets in Resources */,
				D607224F1EF370F3000306A1 /* Main.storyboard in Resources */,
				D6C237C71EF38C4900BA8CE4 /* synthesizer.gif in Resources */,
			);
			runOnlyForDeploymentPostprocessing = 0;
		};
/* End PBXResourcesBuildPhase section */

/* Begin PBXSourcesBuildPhase section */
		D60722421EF370F3000306A1 /* Sources */ = {
			isa = PBXSourcesBuildPhase;
			buildActionMask = 2147483647;
			files = (
				D607224C1EF370F3000306A1 /* ViewController.swift in Sources */,
				D607224A1EF370F3000306A1 /* AppDelegate.swift in Sources */,
				D60722521EF370F3000306A1 /* AVSpeechSynthesizerDemo.xcdatamodeld in Sources */,
			);
			runOnlyForDeploymentPostprocessing = 0;
		};
/* End PBXSourcesBuildPhase section */

/* Begin PBXVariantGroup section */
		D607224D1EF370F3000306A1 /* Main.storyboard */ = {
			isa = PBXVariantGroup;
			children = (
				D607224E1EF370F3000306A1 /* Base */,
			);
			name = Main.storyboard;
			sourceTree = "<group>";
		};
		D60722551EF370F3000306A1 /* LaunchScreen.storyboard */ = {
			isa = PBXVariantGroup;
			children = (
				D60722561EF370F3000306A1 /* Base */,
			);
			name = LaunchScreen.storyboard;
			sourceTree = "<group>";
		};
/* End PBXVariantGroup section */

/* Begin XCBuildConfiguration section */
		D60722591EF370F3000306A1 /* Debug */ = {
			isa = XCBuildConfiguration;
			buildSettings = {
				ALWAYS_SEARCH_USER_PATHS = NO;
				CLANG_ANALYZER_NONNULL = YES;
				CLANG_ANALYZER_NUMBER_OBJECT_CONVERSION = YES_AGGRESSIVE;
				CLANG_CXX_LANGUAGE_STANDARD = "gnu++0x";
				CLANG_CXX_LIBRARY = "libc++";
				CLANG_ENABLE_MODULES = YES;
				CLANG_ENABLE_OBJC_ARC = YES;
				CLANG_WARN_BOOL_CONVERSION = YES;
				CLANG_WARN_CONSTANT_CONVERSION = YES;
				CLANG_WARN_DIRECT_OBJC_ISA_USAGE = YES_ERROR;
				CLANG_WARN_DOCUMENTATION_COMMENTS = YES;
				CLANG_WARN_EMPTY_BODY = YES;
				CLANG_WARN_ENUM_CONVERSION = YES;
				CLANG_WARN_INFINITE_RECURSION = YES;
				CLANG_WARN_INT_CONVERSION = YES;
				CLANG_WARN_OBJC_ROOT_CLASS = YES_ERROR;
				CLANG_WARN_SUSPICIOUS_MOVE = YES;
				CLANG_WARN_UNREACHABLE_CODE = YES;
				CLANG_WARN__DUPLICATE_METHOD_MATCH = YES;
				"CODE_SIGN_IDENTITY[sdk=iphoneos*]" = "iPhone Developer";
				COPY_PHASE_STRIP = NO;
				DEBUG_INFORMATION_FORMAT = dwarf;
				ENABLE_STRICT_OBJC_MSGSEND = YES;
				ENABLE_TESTABILITY = YES;
				GCC_C_LANGUAGE_STANDARD = gnu99;
				GCC_DYNAMIC_NO_PIC = NO;
				GCC_NO_COMMON_BLOCKS = YES;
				GCC_OPTIMIZATION_LEVEL = 0;
				GCC_PREPROCESSOR_DEFINITIONS = (
					"DEBUG=1",
					"$(inherited)",
				);
				GCC_WARN_64_TO_32_BIT_CONVERSION = YES;
				GCC_WARN_ABOUT_RETURN_TYPE = YES_ERROR;
				GCC_WARN_UNDECLARED_SELECTOR = YES;
				GCC_WARN_UNINITIALIZED_AUTOS = YES_AGGRESSIVE;
				GCC_WARN_UNUSED_FUNCTION = YES;
				GCC_WARN_UNUSED_VARIABLE = YES;
				IPHONEOS_DEPLOYMENT_TARGET = 10.3;
				MTL_ENABLE_DEBUG_INFO = YES;
				ONLY_ACTIVE_ARCH = YES;
				SDKROOT = iphoneos;
				SWIFT_ACTIVE_COMPILATION_CONDITIONS = DEBUG;
				SWIFT_OPTIMIZATION_LEVEL = "-Onone";
			};
			name = Debug;
		};
		D607225A1EF370F3000306A1 /* Release */ = {
			isa = XCBuildConfiguration;
			buildSettings = {
				ALWAYS_SEARCH_USER_PATHS = NO;
				CLANG_ANALYZER_NONNULL = YES;
				CLANG_ANALYZER_NUMBER_OBJECT_CONVERSION = YES_AGGRESSIVE;
				CLANG_CXX_LANGUAGE_STANDARD = "gnu++0x";
				CLANG_CXX_LIBRARY = "libc++";
				CLANG_ENABLE_MODULES = YES;
				CLANG_ENABLE_OBJC_ARC = YES;
				CLANG_WARN_BOOL_CONVERSION = YES;
				CLANG_WARN_CONSTANT_CONVERSION = YES;
				CLANG_WARN_DIRECT_OBJC_ISA_USAGE = YES_ERROR;
				CLANG_WARN_DOCUMENTATION_COMMENTS = YES;
				CLANG_WARN_EMPTY_BODY = YES;
				CLANG_WARN_ENUM_CONVERSION = YES;
				CLANG_WARN_INFINITE_RECURSION = YES;
				CLANG_WARN_INT_CONVERSION = YES;
				CLANG_WARN_OBJC_ROOT_CLASS = YES_ERROR;
				CLANG_WARN_SUSPICIOUS_MOVE = YES;
				CLANG_WARN_UNREACHABLE_CODE = YES;
				CLANG_WARN__DUPLICATE_METHOD_MATCH = YES;
				"CODE_SIGN_IDENTITY[sdk=iphoneos*]" = "iPhone Developer";
				COPY_PHASE_STRIP = NO;
				DEBUG_INFORMATION_FORMAT = "dwarf-with-dsym";
				ENABLE_NS_ASSERTIONS = NO;
				ENABLE_STRICT_OBJC_MSGSEND = YES;
				GCC_C_LANGUAGE_STANDARD = gnu99;
				GCC_NO_COMMON_BLOCKS = YES;
				GCC_WARN_64_TO_32_BIT_CONVERSION = YES;
				GCC_WARN_ABOUT_RETURN_TYPE = YES_ERROR;
				GCC_WARN_UNDECLARED_SELECTOR = YES;
				GCC_WARN_UNINITIALIZED_AUTOS = YES_AGGRESSIVE;
				GCC_WARN_UNUSED_FUNCTION = YES;
				GCC_WARN_UNUSED_VARIABLE = YES;
				IPHONEOS_DEPLOYMENT_TARGET = 10.3;
				MTL_ENABLE_DEBUG_INFO = NO;
				SDKROOT = iphoneos;
				SWIFT_OPTIMIZATION_LEVEL = "-Owholemodule";
				VALIDATE_PRODUCT = YES;
			};
			name = Release;
		};
		D607225C1EF370F3000306A1 /* Debug */ = {
			isa = XCBuildConfiguration;
			buildSettings = {
				ASSETCATALOG_COMPILER_APPICON_NAME = AppIcon;
				"CODE_SIGN_IDENTITY[sdk=iphoneos*]" = "iPhone Developer";
				DEVELOPMENT_TEAM = 6AZ497S772;
				INFOPLIST_FILE = AVSpeechSynthesizerDemo/Info.plist;
				LD_RUNPATH_SEARCH_PATHS = "$(inherited) @executable_path/Frameworks";
				PRODUCT_BUNDLE_IDENTIFIER = iewam.AVSpeechSynthesizerDemo;
				PRODUCT_NAME = "$(TARGET_NAME)";
				PROVISIONING_PROFILE_SPECIFIER = "";
				SWIFT_VERSION = 3.0;
			};
			name = Debug;
		};
		D607225D1EF370F3000306A1 /* Release */ = {
			isa = XCBuildConfiguration;
			buildSettings = {
				ASSETCATALOG_COMPILER_APPICON_NAME = AppIcon;
				"CODE_SIGN_IDENTITY[sdk=iphoneos*]" = "iPhone Developer";
				DEVELOPMENT_TEAM = 6AZ497S772;
				INFOPLIST_FILE = AVSpeechSynthesizerDemo/Info.plist;
				LD_RUNPATH_SEARCH_PATHS = "$(inherited) @executable_path/Frameworks";
				PRODUCT_BUNDLE_IDENTIFIER = iewam.AVSpeechSynthesizerDemo;
				PRODUCT_NAME = "$(TARGET_NAME)";
				PROVISIONING_PROFILE_SPECIFIER = "";
				SWIFT_VERSION = 3.0;
			};
			name = Release;
		};
/* End XCBuildConfiguration section */

/* Begin XCConfigurationList section */
		D60722411EF370F3000306A1 /* Build configuration list for PBXProject "AVSpeechSynthesizerDemo" */ = {
			isa = XCConfigurationList;
			buildConfigurations = (
				D60722591EF370F3000306A1 /* Debug */,
				D607225A1EF370F3000306A1 /* Release */,
			);
			defaultConfigurationIsVisible = 0;
			defaultConfigurationName = Release;
		};
		D607225B1EF370F3000306A1 /* Build configuration list for PBXNativeTarget "AVSpeechSynthesizerDemo" */ = {
			isa = XCConfigurationList;
			buildConfigurations = (
				D607225C1EF370F3000306A1 /* Debug */,
				D607225D1EF370F3000306A1 /* Release */,
			);
			defaultConfigurationIsVisible = 0;
			defaultConfigurationName = Release;
		};
/* End XCConfigurationList section */

/* Begin XCVersionGroup section */
		D60722501EF370F3000306A1 /* AVSpeechSynthesizerDemo.xcdatamodeld */ = {
			isa = XCVersionGroup;
			children = (
				D60722511EF370F3000306A1 /* AVSpeechSynthesizerDemo.xcdatamodel */,
			);
			currentVersion = D60722511EF370F3000306A1 /* AVSpeechSynthesizerDemo.xcdatamodel */;
			path = AVSpeechSynthesizerDemo.xcdatamodeld;
			sourceTree = "<group>";
			versionGroupType = wrapper.xcdatamodel;
		};
/* End XCVersionGroup section */
	};
	rootObject = D607223E1EF370F3000306A1 /* Project object */;
}
